
Microsoft Visual Studio Solution File, Format Version 12.00
# Visual Studio 15
VisualStudioVersion = 15.0.28307.960
MinimumVisualStudioVersion = 10.0.40219.1
Project("{9A19103F-16F7-4668-BE54-9A1E7A4F7556}") = "TourMarketApp", "TourMarketApp\TourMarketApp.csproj", "{6BD1224D-45E1-4102-AA1E-89E0B06F63F2}"
EndProject
Project("{9A19103F-16F7-4668-BE54-9A1E7A4F7556}") = "TourMarket.Entities", "TourMarket.Entities\TourMarket.Entities.csproj", "{7B7330A8-FCE5-4869-86C3-211E84EBBD56}"
EndProject
Project("{9A19103F-16F7-4668-BE54-9A1E7A4F7556}") = "TourMarket.DAL", "TourMarket.Context\TourMarket.DAL.csproj", "{ADD5559C-C170-4861-97C7-FCBBBE32A28F}"
EndProject
Project("{FAE04EC0-301F-11D3-BF4B-00C04F79EFBC}") = "TourMarket.BLL", "TourMarket\TourMarket.BLL.csproj", "{410E4FC7-C9B7-4C5F-8625-07CAF6FBBEA2}"
EndProject
Project("{FAE04EC0-301F-11D3-BF4B-00C04F79EFBC}") = "TourMarket.Interfaces", "TourMarket.Interfaces\TourMarket.Interfaces.csproj", "{5847CE43-5049-49FC-8181-F2582AA7D704}"
EndProject
Global
	GlobalSection(SolutionConfigurationPlatforms) = preSolution
		Debug|Any CPU = Debug|Any CPU
		Release|Any CPU = Release|Any CPU
	EndGlobalSection
	GlobalSection(ProjectConfigurationPlatforms) = postSolution
		{6BD1224D-45E1-4102-AA1E-89E0B06F63F2}.Debug|Any CPU.ActiveCfg = Debug|Any CPU
		{6BD1224D-45E1-4102-AA1E-89E0B06F63F2}.Debug|Any CPU.Build.0 = Debug|Any CPU
		{6BD1224D-45E1-4102-AA1E-89E0B06F63F2}.Release|Any CPU.ActiveCfg = Release|Any CPU
		{6BD1224D-45E1-4102-AA1E-89E0B06F63F2}.Release|Any CPU.Build.0 = Release|Any CPU
		{7B7330A8-FCE5-4869-86C3-211E84EBBD56}.Debug|Any CPU.ActiveCfg = Debug|Any CPU
		{7B7330A8-FCE5-4869-86C3-211E84EBBD56}.Debug|Any CPU.Build.0 = Debug|Any CPU
		{7B7330A8-FCE5-4869-86C3-211E84EBBD56}.Release|Any CPU.ActiveCfg = Release|Any CPU
		{7B7330A8-FCE5-4869-86C3-211E84EBBD56}.Release|Any CPU.Build.0 = Release|Any CPU
		{ADD5559C-C170-4861-97C7-FCBBBE32A28F}.Debug|Any CPU.ActiveCfg = Debug|Any CPU
		{ADD5559C-C170-4861-97C7-FCBBBE32A28F}.Debug|Any CPU.Build.0 = Debug|Any CPU
		{ADD5559C-C170-4861-97C7-FCBBBE32A28F}.Release|Any CPU.ActiveCfg = Release|Any CPU
		{ADD5559C-C170-4861-97C7-FCBBBE32A28F}.Release|Any CPU.Build.0 = Release|Any CPU
		{410E4FC7-C9B7-4C5F-8625-07CAF6FBBEA2}.Debug|Any CPU.ActiveCfg = Debug|Any CPU
		{410E4FC7-C9B7-4C5F-8625-07CAF6FBBEA2}.Debug|Any CPU.Build.0 = Debug|Any CPU
		{410E4FC7-C9B7-4C5F-8625-07CAF6FBBEA2}.Release|Any CPU.ActiveCfg = Release|Any CPU
		{410E4FC7-C9B7-4C5F-8625-07CAF6FBBEA2}.Release|Any CPU.Build.0 = Release|Any CPU
		{5847CE43-5049-49FC-8181-F2582AA7D704}.Debug|Any CPU.ActiveCfg = Debug|Any CPU
		{5847CE43-5049-49FC-8181-F2582AA7D704}.Debug|Any CPU.Build.0 = Debug|Any CPU
		{5847CE43-5049-49FC-8181-F2582AA7D704}.Release|Any CPU.ActiveCfg = Release|Any CPU
		{5847CE43-5049-49FC-8181-F2582AA7D704}.Release|Any CPU.Build.0 = Release|Any CPU
	EndGlobalSection
	GlobalSection(SolutionProperties) = preSolution
		HideSolutionNode = FALSE
	EndGlobalSection
	GlobalSection(ExtensibilityGlobals) = postSolution
		SolutionGuid = {64442CF4-3890-4B3D-A10E-342AC581A218}
	EndGlobalSection
EndGlobal
